# This file is autogenerated, do not edit; changes may be undone by the next 'dep ensure'.


[[projects]]
  name = "code.cloudfoundry.org/cli"
  packages = [
    "plugin",
    "plugin/models"
  ]
  revision = "2af0851c1f20323abc6da2f2d5ece0dec80ccce5"
  version = "v6.35.0"

[solve-meta]
  analyzer-name = "dep"
  analyzer-version = 1
  inputs-digest = "0a1683fae661e6dc273e86fca41d76a01f8e72078b3264238fc646343ee1bc0a"
  solver-name = "gps-cdcl"
  solver-version = 1
